[[package]]
name = "advent_of_code_2018"
version = "0.1.0"
dependencies = [
 "itertools 0.7.11 (registry+https://github.com/rust-lang/crates.io-index)",
]

[[package]]
name = "either"
version = "1.5.0"
source = "registry+https://github.com/rust-lang/crates.io-index"

[[package]]
name = "itertools"
version = "0.7.11"
source = "registry+https://github.com/rust-lang/crates.io-index"
dependencies = [
 "either 1.5.0 (registry+https://github.com/rust-lang/crates.io-index)",
]

[metadata]
"checksum either 1.5.0 (registry+https://github.com/rust-lang/crates.io-index)" = "3be565ca5c557d7f59e7cfcf1844f9e3033650c929c6566f511e8005f205c1d0"
"checksum itertools 0.7.11 (registry+https://github.com/rust-lang/crates.io-index)" = "0d47946d458e94a1b7bcabbf6521ea7c037062c81f534615abcad76e84d4970d"
