# This file is automatically @generated by Cargo.
# It is not intended for manual editing.
[[package]]
name = "advent_of_code_2016"
version = "0.1.0"
dependencies = [
 "itertools",
 "nom",
 "permutohedron",
 "regex",
 "rust-crypto",
]

[[package]]
name = "aho-corasick"
version = "0.5.3"
source = "registry+https://github.com/rust-lang/crates.io-index"
checksum = "ca972c2ea5f742bfce5687b9aef75506a764f61d37f8f649047846a9686ddb66"
dependencies = [
 "memchr",
]

[[package]]
name = "either"
version = "1.0.2"
source = "registry+https://github.com/rust-lang/crates.io-index"
checksum = "3d2b503c86dad62aaf414ecf2b8c527439abedb3f8d812537f0b12bfd6f32a91"

[[package]]
name = "gcc"
version = "0.3.39"
source = "registry+https://github.com/rust-lang/crates.io-index"
checksum = "771e4a97ff6f237cf0f7d5f5102f6e28bb9743814b6198d684da5c58b76c11e0"

[[package]]
name = "itertools"
version = "0.5.6"
source = "registry+https://github.com/rust-lang/crates.io-index"
checksum = "4e80479061d4444bfb160054b66fa92cf45e5a6490aadec415ea214004198194"
dependencies = [
 "either",
]

[[package]]
name = "kernel32-sys"
version = "0.2.2"
source = "registry+https://github.com/rust-lang/crates.io-index"
checksum = "7507624b29483431c0ba2d82aece8ca6cdba9382bff4ddd0f7490560c056098d"
dependencies = [
 "winapi",
 "winapi-build",
]

[[package]]
name = "libc"
version = "0.2.17"
source = "registry+https://github.com/rust-lang/crates.io-index"
checksum = "044d1360593a78f5c8e5e710beccdc24ab71d1f01bc19a29bcacdba22e8475d8"

[[package]]
name = "memchr"
version = "0.1.11"
source = "registry+https://github.com/rust-lang/crates.io-index"
checksum = "d8b629fb514376c675b98c1421e80b151d3817ac42d7c667717d282761418d20"
dependencies = [
 "libc",
]

[[package]]
name = "nom"
version = "2.0.1"
source = "registry+https://github.com/rust-lang/crates.io-index"
checksum = "ffc564b2727f758993db55d4ffed0d84bbd7f387a66509516768c8f786bb0b10"

[[package]]
name = "permutohedron"
version = "0.2.2"
source = "registry+https://github.com/rust-lang/crates.io-index"
checksum = "15205169997d28cfdc18e44d18bd34b70a0322a213e57bb968c22858ea70304f"

[[package]]
name = "rand"
version = "0.3.15"
source = "registry+https://github.com/rust-lang/crates.io-index"
checksum = "022e0636ec2519ddae48154b028864bdce4eaf7d35226ab8e65c611be97b189d"
dependencies = [
 "libc",
]

[[package]]
name = "regex"
version = "0.1.80"
source = "registry+https://github.com/rust-lang/crates.io-index"
checksum = "4fd4ace6a8cf7860714a2c2280d6c1f7e6a413486c13298bbc86fd3da019402f"
dependencies = [
 "aho-corasick",
 "memchr",
 "regex-syntax",
 "thread_local",
 "utf8-ranges",
]

[[package]]
name = "regex-syntax"
version = "0.3.9"
source = "registry+https://github.com/rust-lang/crates.io-index"
checksum = "f9ec002c35e86791825ed294b50008eea9ddfc8def4420124fbc6b08db834957"

[[package]]
name = "rust-crypto"
version = "0.2.36"
source = "registry+https://github.com/rust-lang/crates.io-index"
checksum = "f76d05d3993fd5f4af9434e8e436db163a12a9d40e1a58a726f27a01dfd12a2a"
dependencies = [
 "gcc",
 "libc",
 "rand",
 "rustc-serialize",
 "time",
]

[[package]]
name = "rustc-serialize"
version = "0.3.21"
source = "registry+https://github.com/rust-lang/crates.io-index"
checksum = "bff9fc1c79f2dec76b253273d07682e94a978bd8f132ded071188122b2af9818"

[[package]]
name = "thread-id"
version = "2.0.0"
source = "registry+https://github.com/rust-lang/crates.io-index"
checksum = "a9539db560102d1cef46b8b78ce737ff0bb64e7e18d35b2a5688f7d097d0ff03"
dependencies = [
 "kernel32-sys",
 "libc",
]

[[package]]
name = "thread_local"
version = "0.2.7"
source = "registry+https://github.com/rust-lang/crates.io-index"
checksum = "8576dbbfcaef9641452d5cf0df9b0e7eeab7694956dd33bb61515fb8f18cfdd5"
dependencies = [
 "thread-id",
]

[[package]]
name = "time"
version = "0.1.35"
source = "registry+https://github.com/rust-lang/crates.io-index"
checksum = "3c7ec6d62a20df54e07ab3b78b9a3932972f4b7981de295563686849eb3989af"
dependencies = [
 "kernel32-sys",
 "libc",
 "winapi",
]

[[package]]
name = "utf8-ranges"
version = "0.1.3"
source = "registry+https://github.com/rust-lang/crates.io-index"
checksum = "a1ca13c08c41c9c3e04224ed9ff80461d97e121589ff27c753a16cb10830ae0f"

[[package]]
name = "winapi"
version = "0.2.8"
source = "registry+https://github.com/rust-lang/crates.io-index"
checksum = "167dc9d6949a9b857f3451275e911c3f44255842c1f7a76f33c55103a909087a"

[[package]]
name = "winapi-build"
version = "0.1.1"
source = "registry+https://github.com/rust-lang/crates.io-index"
checksum = "2d315eee3b34aca4797b2da6b13ed88266e6d612562a0c46390af8299fc699bc"
